
Microsoft Visual Studio Solution File, Format Version 12.00
# Visual Studio Version 16
VisualStudioVersion = 16.0.30804.86
MinimumVisualStudioVersion = 10.0.40219.1
Project("{FAE04EC0-301F-11D3-BF4B-00C04F79EFBC}") = "CurrencyMonitor", "CurrencyMonitor\CurrencyMonitor.csproj", "{518C01F3-0D79-4AC6-B5B1-D8E3A1759699}"
EndProject
Project("{FAE04EC0-301F-11D3-BF4B-00C04F79EFBC}") = "CurrencyMonitor.DataModels", "CurrencyMonitor.DataModels\CurrencyMonitor.DataModels.csproj", "{73DA5CDB-22D1-4098-8023-AF88FF6909DF}"
EndProject
Global
	GlobalSection(SolutionConfigurationPlatforms) = preSolution
		Debug|Any CPU = Debug|Any CPU
		Release|Any CPU = Release|Any CPU
	EndGlobalSection
	GlobalSection(ProjectConfigurationPlatforms) = postSolution
		{518C01F3-0D79-4AC6-B5B1-D8E3A1759699}.Debug|Any CPU.ActiveCfg = Debug|Any CPU
		{518C01F3-0D79-4AC6-B5B1-D8E3A1759699}.Debug|Any CPU.Build.0 = Debug|Any CPU
		{518C01F3-0D79-4AC6-B5B1-D8E3A1759699}.Release|Any CPU.ActiveCfg = Release|Any CPU
		{518C01F3-0D79-4AC6-B5B1-D8E3A1759699}.Release|Any CPU.Build.0 = Release|Any CPU
		{73DA5CDB-22D1-4098-8023-AF88FF6909DF}.Debug|Any CPU.ActiveCfg = Debug|Any CPU
		{73DA5CDB-22D1-4098-8023-AF88FF6909DF}.Debug|Any CPU.Build.0 = Debug|Any CPU
		{73DA5CDB-22D1-4098-8023-AF88FF6909DF}.Release|Any CPU.ActiveCfg = Release|Any CPU
		{73DA5CDB-22D1-4098-8023-AF88FF6909DF}.Release|Any CPU.Build.0 = Release|Any CPU
	EndGlobalSection
	GlobalSection(SolutionProperties) = preSolution
		HideSolutionNode = FALSE
	EndGlobalSection
	GlobalSection(ExtensibilityGlobals) = postSolution
		SolutionGuid = {97B69AC9-F123-48C4-A05E-E223FF29D758}
	EndGlobalSection
EndGlobal
