
Microsoft Visual Studio Solution File, Format Version 12.00
# Visual Studio Version 16
VisualStudioVersion = 16.0.30804.86
MinimumVisualStudioVersion = 10.0.40219.1
Project("{9A19103F-16F7-4668-BE54-9A1E7A4F7556}") = "CurrencyMonitor", "CurrencyMonitor\CurrencyMonitor.csproj", "{65849345-8117-4643-97C5-40BEAC8AE7F8}"
EndProject
Project("{9A19103F-16F7-4668-BE54-9A1E7A4F7556}") = "CurrencyMonitor.DataModels", "CurrencyMonitor.DataModels\CurrencyMonitor.DataModels.csproj", "{6B76A8EC-D664-4556-BEAD-924FDFA721B4}"
EndProject
Project("{9A19103F-16F7-4668-BE54-9A1E7A4F7556}") = "CurrencyMonitor.DataAccess", "CurrencyMonitor.DataAccess\CurrencyMonitor.DataAccess.csproj", "{FE0B4B37-73AD-44D0-8EDA-2F97AA251595}"
EndProject
Project("{9A19103F-16F7-4668-BE54-9A1E7A4F7556}") = "CurrencyMonitor.DataAccess.UnitTests", "CurrencyMonitor.DataAccess.UnitTests\CurrencyMonitor.DataAccess.UnitTests.csproj", "{3E7A287B-8AE6-404B-8F6F-436937B85FE5}"
EndProject
Project("{9A19103F-16F7-4668-BE54-9A1E7A4F7556}") = "CurrencyMonitor.DataModels.UnitTests", "CurrencyMonitor.DataModels.UnitTests\CurrencyMonitor.DataModels.UnitTests.csproj", "{D4A7AF61-F3D0-4411-8589-74D9A100CAF3}"
EndProject
Project("{FAE04EC0-301F-11D3-BF4B-00C04F79EFBC}") = "CurrencyMonitor.DataAccess.IntegrationTests", "CurrencyMonitor.DataAccess.IntegrationTests\CurrencyMonitor.DataAccess.IntegrationTests.csproj", "{7899E4AE-F9A2-42A1-9009-46E117F109E9}"
EndProject
Global
	GlobalSection(SolutionConfigurationPlatforms) = preSolution
		Debug|Any CPU = Debug|Any CPU
		Release|Any CPU = Release|Any CPU
	EndGlobalSection
	GlobalSection(ProjectConfigurationPlatforms) = postSolution
		{65849345-8117-4643-97C5-40BEAC8AE7F8}.Debug|Any CPU.ActiveCfg = Debug|Any CPU
		{65849345-8117-4643-97C5-40BEAC8AE7F8}.Debug|Any CPU.Build.0 = Debug|Any CPU
		{65849345-8117-4643-97C5-40BEAC8AE7F8}.Release|Any CPU.ActiveCfg = Release|Any CPU
		{65849345-8117-4643-97C5-40BEAC8AE7F8}.Release|Any CPU.Build.0 = Release|Any CPU
		{6B76A8EC-D664-4556-BEAD-924FDFA721B4}.Debug|Any CPU.ActiveCfg = Debug|Any CPU
		{6B76A8EC-D664-4556-BEAD-924FDFA721B4}.Debug|Any CPU.Build.0 = Debug|Any CPU
		{6B76A8EC-D664-4556-BEAD-924FDFA721B4}.Release|Any CPU.ActiveCfg = Release|Any CPU
		{6B76A8EC-D664-4556-BEAD-924FDFA721B4}.Release|Any CPU.Build.0 = Release|Any CPU
		{FE0B4B37-73AD-44D0-8EDA-2F97AA251595}.Debug|Any CPU.ActiveCfg = Debug|Any CPU
		{FE0B4B37-73AD-44D0-8EDA-2F97AA251595}.Debug|Any CPU.Build.0 = Debug|Any CPU
		{FE0B4B37-73AD-44D0-8EDA-2F97AA251595}.Release|Any CPU.ActiveCfg = Release|Any CPU
		{FE0B4B37-73AD-44D0-8EDA-2F97AA251595}.Release|Any CPU.Build.0 = Release|Any CPU
		{3E7A287B-8AE6-404B-8F6F-436937B85FE5}.Debug|Any CPU.ActiveCfg = Debug|Any CPU
		{3E7A287B-8AE6-404B-8F6F-436937B85FE5}.Debug|Any CPU.Build.0 = Debug|Any CPU
		{3E7A287B-8AE6-404B-8F6F-436937B85FE5}.Release|Any CPU.ActiveCfg = Release|Any CPU
		{3E7A287B-8AE6-404B-8F6F-436937B85FE5}.Release|Any CPU.Build.0 = Release|Any CPU
		{D4A7AF61-F3D0-4411-8589-74D9A100CAF3}.Debug|Any CPU.ActiveCfg = Debug|Any CPU
		{D4A7AF61-F3D0-4411-8589-74D9A100CAF3}.Debug|Any CPU.Build.0 = Debug|Any CPU
		{D4A7AF61-F3D0-4411-8589-74D9A100CAF3}.Release|Any CPU.ActiveCfg = Release|Any CPU
		{D4A7AF61-F3D0-4411-8589-74D9A100CAF3}.Release|Any CPU.Build.0 = Release|Any CPU
		{7899E4AE-F9A2-42A1-9009-46E117F109E9}.Debug|Any CPU.ActiveCfg = Debug|Any CPU
		{7899E4AE-F9A2-42A1-9009-46E117F109E9}.Debug|Any CPU.Build.0 = Debug|Any CPU
		{7899E4AE-F9A2-42A1-9009-46E117F109E9}.Release|Any CPU.ActiveCfg = Release|Any CPU
		{7899E4AE-F9A2-42A1-9009-46E117F109E9}.Release|Any CPU.Build.0 = Release|Any CPU
	EndGlobalSection
	GlobalSection(SolutionProperties) = preSolution
		HideSolutionNode = FALSE
	EndGlobalSection
	GlobalSection(ExtensibilityGlobals) = postSolution
		SolutionGuid = {97B69AC9-F123-48C4-A05E-E223FF29D758}
	EndGlobalSection
EndGlobal
